
Microsoft Visual Studio Solution File, Format Version 12.00
# Visual Studio Version 16
VisualStudioVersion = 16.0.32602.291
MinimumVisualStudioVersion = 10.0.40219.1
Project("{FAE04EC0-301F-11D3-BF4B-00C04F79EFBC}") = "EcommerceAvenida", "EcommerceAvenida\EcommerceAvenida.csproj", "{A9A49EAE-DEC2-4D8D-B83F-61ADDA352069}"
EndProject
Global
	GlobalSection(SolutionConfigurationPlatforms) = preSolution
		Debug|Any CPU = Debug|Any CPU
		Release|Any CPU = Release|Any CPU
	EndGlobalSection
	GlobalSection(ProjectConfigurationPlatforms) = postSolution
		{A9A49EAE-DEC2-4D8D-B83F-61ADDA352069}.Debug|Any CPU.ActiveCfg = Debug|Any CPU
		{A9A49EAE-DEC2-4D8D-B83F-61ADDA352069}.Debug|Any CPU.Build.0 = Debug|Any CPU
		{A9A49EAE-DEC2-4D8D-B83F-61ADDA352069}.Release|Any CPU.ActiveCfg = Release|Any CPU
		{A9A49EAE-DEC2-4D8D-B83F-61ADDA352069}.Release|Any CPU.Build.0 = Release|Any CPU
	EndGlobalSection
	GlobalSection(SolutionProperties) = preSolution
		HideSolutionNode = FALSE
	EndGlobalSection
	GlobalSection(ExtensibilityGlobals) = postSolution
		SolutionGuid = {FEF9909F-0DED-48E3-B9C0-4A817121C881}
	EndGlobalSection
EndGlobal
